Microsoft Visual Studio Solution File, Format Version 11.00
# Visual Studio 2010
Project("{FAE04EC0-301F-11D3-BF4B-00C04F79EFBC}") = "PreviewClickSample", "PreviewClickSample\PreviewClickSample.csproj", "{08FE9D4F-ECCA-4706-A000-BDBEBAF7338F}"
EndProject
Project("{FAE04EC0-301F-11D3-BF4B-00C04F79EFBC}") = "PreviewClickSample.Web", "PreviewClickSample.Web\PreviewClickSample.Web.csproj", "{DE55045A-ADF4-43AB-B584-6ABB22882251}"
EndProject
Global
	GlobalSection(SolutionConfigurationPlatforms) = preSolution
		Debug|Any CPU = Debug|Any CPU
		Release|Any CPU = Release|Any CPU
	EndGlobalSection
	GlobalSection(ProjectConfigurationPlatforms) = postSolution
		{08FE9D4F-ECCA-4706-A000-BDBEBAF7338F}.Debug|Any CPU.ActiveCfg = Debug|Any CPU
		{08FE9D4F-ECCA-4706-A000-BDBEBAF7338F}.Debug|Any CPU.Build.0 = Debug|Any CPU
		{08FE9D4F-ECCA-4706-A000-BDBEBAF7338F}.Release|Any CPU.ActiveCfg = Release|Any CPU
		{08FE9D4F-ECCA-4706-A000-BDBEBAF7338F}.Release|Any CPU.Build.0 = Release|Any CPU
		{DE55045A-ADF4-43AB-B584-6ABB22882251}.Debug|Any CPU.ActiveCfg = Debug|Any CPU
		{DE55045A-ADF4-43AB-B584-6ABB22882251}.Debug|Any CPU.Build.0 = Debug|Any CPU
		{DE55045A-ADF4-43AB-B584-6ABB22882251}.Release|Any CPU.ActiveCfg = Release|Any CPU
		{DE55045A-ADF4-43AB-B584-6ABB22882251}.Release|Any CPU.Build.0 = Release|Any CPU
	EndGlobalSection
	GlobalSection(SolutionProperties) = preSolution
		HideSolutionNode = FALSE
	EndGlobalSection
EndGlobal
